// !$*UTF8*$!
{
	archiveVersion = 1;
	classes = {
	};
	objectVersion = 46;
	objects = {

/* Begin PBXBuildFile section */
		441588EC1B942ED5006B3D2D /* AppDelegate.swift in Sources */ = {isa = PBXBuildFile; fileRef = 441588EB1B942ED5006B3D2D /* AppDelegate.swift */; };
		441588EF1B942ED5006B3D2D /* Test.xcdatamodeld in Sources */ = {isa = PBXBuildFile; fileRef = 441588ED1B942ED5006B3D2D /* Test.xcdatamodeld */; };
		441588F41B942ED5006B3D2D /* Main.storyboard in Resources */ = {isa = PBXBuildFile; fileRef = 441588F21B942ED5006B3D2D /* Main.storyboard */; };
		441588F61B942ED5006B3D2D /* Images.xcassets in Resources */ = {isa = PBXBuildFile; fileRef = 441588F51B942ED5006B3D2D /* Images.xcassets */; };
		441588F91B942ED5006B3D2D /* LaunchScreen.xib in Resources */ = {isa = PBXBuildFile; fileRef = 441588F71B942ED5006B3D2D /* LaunchScreen.xib */; };
		441589051B942ED5006B3D2D /* TestTests.swift in Sources */ = {isa = PBXBuildFile; fileRef = 441589041B942ED5006B3D2D /* TestTests.swift */; };
		441589101B942F09006B3D2D /* SwitchViewController.swift in Sources */ = {isa = PBXBuildFile; fileRef = 4415890F1B942F09006B3D2D /* SwitchViewController.swift */; };
		441589151B94311A006B3D2D /* UIResizableSwitch.swift in Sources */ = {isa = PBXBuildFile; fileRef = 441589141B94311A006B3D2D /* UIResizableSwitch.swift */; };
/* End PBXBuildFile section */

/* Begin PBXContainerItemProxy section */
		441588FF1B942ED5006B3D2D /* PBXContainerItemProxy */ = {
			isa = PBXContainerItemProxy;
			containerPortal = 441588DE1B942ED5006B3D2D /* Project object */;
			proxyType = 1;
			remoteGlobalIDString = 441588E51B942ED5006B3D2D;
			remoteInfo = Test;
		};
/* End PBXContainerItemProxy section */

/* Begin PBXFileReference section */
		441588E61B942ED5006B3D2D /* Test.app */ = {isa = PBXFileReference; explicitFileType = wrapper.application; includeInIndex = 0; path = Test.app; sourceTree = BUILT_PRODUCTS_DIR; };
		441588EA1B942ED5006B3D2D /* Info.plist */ = {isa = PBXFileReference; lastKnownFileType = text.plist.xml; path = Info.plist; sourceTree = "<group>"; };
		441588EB1B942ED5006B3D2D /* AppDelegate.swift */ = {isa = PBXFileReference; lastKnownFileType = sourcecode.swift; path = AppDelegate.swift; sourceTree = "<group>"; };
		441588EE1B942ED5006B3D2D /* Test.xcdatamodel */ = {isa = PBXFileReference; lastKnownFileType = wrapper.xcdatamodel; path = Test.xcdatamodel; sourceTree = "<group>"; };
		441588F31B942ED5006B3D2D /* Base */ = {isa = PBXFileReference; lastKnownFileType = file.storyboard; name = Base; path = Base.lproj/Main.storyboard; sourceTree = "<group>"; };
		441588F51B942ED5006B3D2D /* Images.xcassets */ = {isa = PBXFileReference; lastKnownFileType = folder.assetcatalog; path = Images.xcassets; sourceTree = "<group>"; };
		441588F81B942ED5006B3D2D /* Base */ = {isa = PBXFileReference; lastKnownFileType = file.xib; name = Base; path = Base.lproj/LaunchScreen.xib; sourceTree = "<group>"; };
		441588FE1B942ED5006B3D2D /* TestTests.xctest */ = {isa = PBXFileReference; explicitFileType = wrapper.cfbundle; includeInIndex = 0; path = TestTests.xctest; sourceTree = BUILT_PRODUCTS_DIR; };
		441589031B942ED5006B3D2D /* Info.plist */ = {isa = PBXFileReference; lastKnownFileType = text.plist.xml; path = Info.plist; sourceTree = "<group>"; };
		441589041B942ED5006B3D2D /* TestTests.swift */ = {isa = PBXFileReference; lastKnownFileType = sourcecode.swift; path = TestTests.swift; sourceTree = "<group>"; };
		4415890F1B942F09006B3D2D /* SwitchViewController.swift */ = {isa = PBXFileReference; fileEncoding = 4; lastKnownFileType = sourcecode.swift; path = SwitchViewController.swift; sourceTree = "<group>"; };
		441589141B94311A006B3D2D /* UIResizableSwitch.swift */ = {isa = PBXFileReference; fileEncoding = 4; lastKnownFileType = sourcecode.swift; path = UIResizableSwitch.swift; sourceTree = "<group>"; };
/* End PBXFileReference section */

/* Begin PBXFrameworksBuildPhase section */
		441588E31B942ED5006B3D2D /* Frameworks */ = {
			isa = PBXFrameworksBuildPhase;
			buildActionMask = 2147483647;
			files = (
			);
			runOnlyForDeploymentPostprocessing = 0;
		};
		441588FB1B942ED5006B3D2D /* Frameworks */ = {
			isa = PBXFrameworksBuildPhase;
			buildActionMask = 2147483647;
			files = (
			);
			runOnlyForDeploymentPostprocessing = 0;
		};
/* End PBXFrameworksBuildPhase section */

/* Begin PBXGroup section */
		441588DD1B942ED5006B3D2D = {
			isa = PBXGroup;
			children = (
				441588E81B942ED5006B3D2D /* Test */,
				441589011B942ED5006B3D2D /* TestTests */,
				441588E71B942ED5006B3D2D /* Products */,
			);
			sourceTree = "<group>";
		};
		441588E71B942ED5006B3D2D /* Products */ = {
			isa = PBXGroup;
			children = (
				441588E61B942ED5006B3D2D /* Test.app */,
				441588FE1B942ED5006B3D2D /* TestTests.xctest */,
			);
			name = Products;
			sourceTree = "<group>";
		};
		441588E81B942ED5006B3D2D /* Test */ = {
			isa = PBXGroup;
			children = (
				441589111B942F21006B3D2D /* ViewAndControl */,
				4415890E1B942EE9006B3D2D /* ViewController */,
				441588EB1B942ED5006B3D2D /* AppDelegate.swift */,
				441588F21B942ED5006B3D2D /* Main.storyboard */,
				441588F51B942ED5006B3D2D /* Images.xcassets */,
				441588F71B942ED5006B3D2D /* LaunchScreen.xib */,
				441588ED1B942ED5006B3D2D /* Test.xcdatamodeld */,
				441588E91B942ED5006B3D2D /* Supporting Files */,
			);
			path = Test;
			sourceTree = "<group>";
		};
		441588E91B942ED5006B3D2D /* Supporting Files */ = {
			isa = PBXGroup;
			children = (
				441588EA1B942ED5006B3D2D /* Info.plist */,
			);
			name = "Supporting Files";
			sourceTree = "<group>";
		};
		441589011B942ED5006B3D2D /* TestTests */ = {
			isa = PBXGroup;
			children = (
				441589041B942ED5006B3D2D /* TestTests.swift */,
				441589021B942ED5006B3D2D /* Supporting Files */,
			);
			path = TestTests;
			sourceTree = "<group>";
		};
		441589021B942ED5006B3D2D /* Supporting Files */ = {
			isa = PBXGroup;
			children = (
				441589031B942ED5006B3D2D /* Info.plist */,
			);
			name = "Supporting Files";
			sourceTree = "<group>";
		};
		4415890E1B942EE9006B3D2D /* ViewController */ = {
			isa = PBXGroup;
			children = (
				4415890F1B942F09006B3D2D /* SwitchViewController.swift */,
			);
			name = ViewController;
			sourceTree = "<group>";
		};
		441589111B942F21006B3D2D /* ViewAndControl */ = {
			isa = PBXGroup;
			children = (
				441589141B94311A006B3D2D /* UIResizableSwitch.swift */,
			);
			name = ViewAndControl;
			sourceTree = "<group>";
		};
/* End PBXGroup section */

/* Begin PBXNativeTarget section */
		441588E51B942ED5006B3D2D /* Test */ = {
			isa = PBXNativeTarget;
			buildConfigurationList = 441589081B942ED5006B3D2D /* Build configuration list for PBXNativeTarget "Test" */;
			buildPhases = (
				441588E21B942ED5006B3D2D /* Sources */,
				441588E31B942ED5006B3D2D /* Frameworks */,
				441588E41B942ED5006B3D2D /* Resources */,
			);
			buildRules = (
			);
			dependencies = (
			);
			name = Test;
			productName = Test;
			productReference = 441588E61B942ED5006B3D2D /* Test.app */;
			productType = "com.apple.product-type.application";
		};
		441588FD1B942ED5006B3D2D /* TestTests */ = {
			isa = PBXNativeTarget;
			buildConfigurationList = 4415890B1B942ED5006B3D2D /* Build configuration list for PBXNativeTarget "TestTests" */;
			buildPhases = (
				441588FA1B942ED5006B3D2D /* Sources */,
				441588FB1B942ED5006B3D2D /* Frameworks */,
				441588FC1B942ED5006B3D2D /* Resources */,
			);
			buildRules = (
			);
			dependencies = (
				441589001B942ED5006B3D2D /* PBXTargetDependency */,
			);
			name = TestTests;
			productName = TestTests;
			productReference = 441588FE1B942ED5006B3D2D /* TestTests.xctest */;
			productType = "com.apple.product-type.bundle.unit-test";
		};
/* End PBXNativeTarget section */

/* Begin PBXProject section */
		441588DE1B942ED5006B3D2D /* Project object */ = {
			isa = PBXProject;
			attributes = {
				LastUpgradeCheck = 0640;
				ORGANIZATIONNAME = kutai;
				TargetAttributes = {
					441588E51B942ED5006B3D2D = {
						CreatedOnToolsVersion = 6.4;
					};
					441588FD1B942ED5006B3D2D = {
						CreatedOnToolsVersion = 6.4;
						TestTargetID = 441588E51B942ED5006B3D2D;
					};
				};
			};
			buildConfigurationList = 441588E11B942ED5006B3D2D /* Build configuration list for PBXProject "Test" */;
			compatibilityVersion = "Xcode 3.2";
			developmentRegion = English;
			hasScannedForEncodings = 0;
			knownRegions = (
				en,
				Base,
			);
			mainGroup = 441588DD1B942ED5006B3D2D;
			productRefGroup = 441588E71B942ED5006B3D2D /* Products */;
			projectDirPath = "";
			projectRoot = "";
			targets = (
				441588E51B942ED5006B3D2D /* Test */,
				441588FD1B942ED5006B3D2D /* TestTests */,
			);
		};
/* End PBXProject section */

/* Begin PBXResourcesBuildPhase section */
		441588E41B942ED5006B3D2D /* Resources */ = {
			isa = PBXResourcesBuildPhase;
			buildActionMask = 2147483647;
			files = (
				441588F41B942ED5006B3D2D /* Main.storyboard in Resources */,
				441588F91B942ED5006B3D2D /* LaunchScreen.xib in Resources */,
				441588F61B942ED5006B3D2D /* Images.xcassets in Resources */,
			);
			runOnlyForDeploymentPostprocessing = 0;
		};
		441588FC1B942ED5006B3D2D /* Resources */ = {
			isa = PBXResourcesBuildPhase;
			buildActionMask = 2147483647;
			files = (
			);
			runOnlyForDeploymentPostprocessing = 0;
		};
/* End PBXResourcesBuildPhase section */

/* Begin PBXSourcesBuildPhase section */
		441588E21B942ED5006B3D2D /* Sources */ = {
			isa = PBXSourcesBuildPhase;
			buildActionMask = 2147483647;
			files = (
				441588EC1B942ED5006B3D2D /* AppDelegate.swift in Sources */,
				441589101B942F09006B3D2D /* SwitchViewController.swift in Sources */,
				441589151B94311A006B3D2D /* UIResizableSwitch.swift in Sources */,
				441588EF1B942ED5006B3D2D /* Test.xcdatamodeld in Sources */,
			);
			runOnlyForDeploymentPostprocessing = 0;
		};
		441588FA1B942ED5006B3D2D /* Sources */ = {
			isa = PBXSourcesBuildPhase;
			buildActionMask = 2147483647;
			files = (
				441589051B942ED5006B3D2D /* TestTests.swift in Sources */,
			);
			runOnlyForDeploymentPostprocessing = 0;
		};
/* End PBXSourcesBuildPhase section */

/* Begin PBXTargetDependency section */
		441589001B942ED5006B3D2D /* PBXTargetDependency */ = {
			isa = PBXTargetDependency;
			target = 441588E51B942ED5006B3D2D /* Test */;
			targetProxy = 441588FF1B942ED5006B3D2D /* PBXContainerItemProxy */;
		};
/* End PBXTargetDependency section */

/* Begin PBXVariantGroup section */
		441588F21B942ED5006B3D2D /* Main.storyboard */ = {
			isa = PBXVariantGroup;
			children = (
				441588F31B942ED5006B3D2D /* Base */,
			);
			name = Main.storyboard;
			sourceTree = "<group>";
		};
		441588F71B942ED5006B3D2D /* LaunchScreen.xib */ = {
			isa = PBXVariantGroup;
			children = (
				441588F81B942ED5006B3D2D /* Base */,
			);
			name = LaunchScreen.xib;
			sourceTree = "<group>";
		};
/* End PBXVariantGroup section */

/* Begin XCBuildConfiguration section */
		441589061B942ED5006B3D2D /* Debug */ = {
			isa = XCBuildConfiguration;
			buildSettings = {
				ALWAYS_SEARCH_USER_PATHS = NO;
				CLANG_CXX_LANGUAGE_STANDARD = "gnu++0x";
				CLANG_CXX_LIBRARY = "libc++";
				CLANG_ENABLE_MODULES = YES;
				CLANG_ENABLE_OBJC_ARC = YES;
				CLANG_WARN_BOOL_CONVERSION = YES;
				CLANG_WARN_CONSTANT_CONVERSION = YES;
				CLANG_WARN_DIRECT_OBJC_ISA_USAGE = YES_ERROR;
				CLANG_WARN_EMPTY_BODY = YES;
				CLANG_WARN_ENUM_CONVERSION = YES;
				CLANG_WARN_INT_CONVERSION = YES;
				CLANG_WARN_OBJC_ROOT_CLASS = YES_ERROR;
				CLANG_WARN_UNREACHABLE_CODE = YES;
				CLANG_WARN__DUPLICATE_METHOD_MATCH = YES;
				"CODE_SIGN_IDENTITY[sdk=iphoneos*]" = "iPhone Developer";
				COPY_PHASE_STRIP = NO;
				DEBUG_INFORMATION_FORMAT = "dwarf-with-dsym";
				ENABLE_STRICT_OBJC_MSGSEND = YES;
				GCC_C_LANGUAGE_STANDARD = gnu99;
				GCC_DYNAMIC_NO_PIC = NO;
				GCC_NO_COMMON_BLOCKS = YES;
				GCC_OPTIMIZATION_LEVEL = 0;
				GCC_PREPROCESSOR_DEFINITIONS = (
					"DEBUG=1",
					"$(inherited)",
				);
				GCC_SYMBOLS_PRIVATE_EXTERN = NO;
				GCC_WARN_64_TO_32_BIT_CONVERSION = YES;
				GCC_WARN_ABOUT_RETURN_TYPE = YES_ERROR;
				GCC_WARN_UNDECLARED_SELECTOR = YES;
				GCC_WARN_UNINITIALIZED_AUTOS = YES_AGGRESSIVE;
				GCC_WARN_UNUSED_FUNCTION = YES;
				GCC_WARN_UNUSED_VARIABLE = YES;
				IPHONEOS_DEPLOYMENT_TARGET = 8.4;
				MTL_ENABLE_DEBUG_INFO = YES;
				ONLY_ACTIVE_ARCH = YES;
				SDKROOT = iphoneos;
				SWIFT_OPTIMIZATION_LEVEL = "-Onone";
				TARGETED_DEVICE_FAMILY = "1,2";
			};
			name = Debug;
		};
		441589071B942ED5006B3D2D /* Release */ = {
			isa = XCBuildConfiguration;
			buildSettings = {
				ALWAYS_SEARCH_USER_PATHS = NO;
				CLANG_CXX_LANGUAGE_STANDARD = "gnu++0x";
				CLANG_CXX_LIBRARY = "libc++";
				CLANG_ENABLE_MODULES = YES;
				CLANG_ENABLE_OBJC_ARC = YES;
				CLANG_WARN_BOOL_CONVERSION = YES;
				CLANG_WARN_CONSTANT_CONVERSION = YES;
				CLANG_WARN_DIRECT_OBJC_ISA_USAGE = YES_ERROR;
				CLANG_WARN_EMPTY_BODY = YES;
				CLANG_WARN_ENUM_CONVERSION = YES;
				CLANG_WARN_INT_CONVERSION = YES;
				CLANG_WARN_OBJC_ROOT_CLASS = YES_ERROR;
				CLANG_WARN_UNREACHABLE_CODE = YES;
				CLANG_WARN__DUPLICATE_METHOD_MATCH = YES;
				"CODE_SIGN_IDENTITY[sdk=iphoneos*]" = "iPhone Developer";
				COPY_PHASE_STRIP = NO;
				DEBUG_INFORMATION_FORMAT = "dwarf-with-dsym";
				ENABLE_NS_ASSERTIONS = NO;
				ENABLE_STRICT_OBJC_MSGSEND = YES;
				GCC_C_LANGUAGE_STANDARD = gnu99;
				GCC_NO_COMMON_BLOCKS = YES;
				GCC_WARN_64_TO_32_BIT_CONVERSION = YES;
				GCC_WARN_ABOUT_RETURN_TYPE = YES_ERROR;
				GCC_WARN_UNDECLARED_SELECTOR = YES;
				GCC_WARN_UNINITIALIZED_AUTOS = YES_AGGRESSIVE;
				GCC_WARN_UNUSED_FUNCTION = YES;
				GCC_WARN_UNUSED_VARIABLE = YES;
				IPHONEOS_DEPLOYMENT_TARGET = 8.4;
				MTL_ENABLE_DEBUG_INFO = NO;
				SDKROOT = iphoneos;
				TARGETED_DEVICE_FAMILY = "1,2";
				VALIDATE_PRODUCT = YES;
			};
			name = Release;
		};
		441589091B942ED5006B3D2D /* Debug */ = {
			isa = XCBuildConfiguration;
			buildSettings = {
				ASSETCATALOG_COMPILER_APPICON_NAME = AppIcon;
				INFOPLIST_FILE = Test/Info.plist;
				LD_RUNPATH_SEARCH_PATHS = "$(inherited) @executable_path/Frameworks";
				PRODUCT_NAME = "$(TARGET_NAME)";
			};
			name = Debug;
		};
		4415890A1B942ED5006B3D2D /* Release */ = {
			isa = XCBuildConfiguration;
			buildSettings = {
				ASSETCATALOG_COMPILER_APPICON_NAME = AppIcon;
				INFOPLIST_FILE = Test/Info.plist;
				LD_RUNPATH_SEARCH_PATHS = "$(inherited) @executable_path/Frameworks";
				PRODUCT_NAME = "$(TARGET_NAME)";
			};
			name = Release;
		};
		4415890C1B942ED5006B3D2D /* Debug */ = {
			isa = XCBuildConfiguration;
			buildSettings = {
				BUNDLE_LOADER = "$(TEST_HOST)";
				FRAMEWORK_SEARCH_PATHS = (
					"$(SDKROOT)/Developer/Library/Frameworks",
					"$(inherited)",
				);
				GCC_PREPROCESSOR_DEFINITIONS = (
					"DEBUG=1",
					"$(inherited)",
				);
				INFOPLIST_FILE = TestTests/Info.plist;
				LD_RUNPATH_SEARCH_PATHS = "$(inherited) @executable_path/Frameworks @loader_path/Frameworks";
				PRODUCT_NAME = "$(TARGET_NAME)";
				TEST_HOST = "$(BUILT_PRODUCTS_DIR)/Test.app/Test";
			};
			name = Debug;
		};
		4415890D1B942ED5006B3D2D /* Release */ = {
			isa = XCBuildConfiguration;
			buildSettings = {
				BUNDLE_LOADER = "$(TEST_HOST)";
				FRAMEWORK_SEARCH_PATHS = (
					"$(SDKROOT)/Developer/Library/Frameworks",
					"$(inherited)",
				);
				INFOPLIST_FILE = TestTests/Info.plist;
				LD_RUNPATH_SEARCH_PATHS = "$(inherited) @executable_path/Frameworks @loader_path/Frameworks";
				PRODUCT_NAME = "$(TARGET_NAME)";
				TEST_HOST = "$(BUILT_PRODUCTS_DIR)/Test.app/Test";
			};
			name = Release;
		};
/* End XCBuildConfiguration section */

/* Begin XCConfigurationList section */
		441588E11B942ED5006B3D2D /* Build configuration list for PBXProject "Test" */ = {
			isa = XCConfigurationList;
			buildConfigurations = (
				441589061B942ED5006B3D2D /* Debug */,
				441589071B942ED5006B3D2D /* Release */,
			);
			defaultConfigurationIsVisible = 0;
			defaultConfigurationName = Release;
		};
		441589081B942ED5006B3D2D /* Build configuration list for PBXNativeTarget "Test" */ = {
			isa = XCConfigurationList;
			buildConfigurations = (
				441589091B942ED5006B3D2D /* Debug */,
				4415890A1B942ED5006B3D2D /* Release */,
			);
			defaultConfigurationIsVisible = 0;
		};
		4415890B1B942ED5006B3D2D /* Build configuration list for PBXNativeTarget "TestTests" */ = {
			isa = XCConfigurationList;
			buildConfigurations = (
				4415890C1B942ED5006B3D2D /* Debug */,
				4415890D1B942ED5006B3D2D /* Release */,
			);
			defaultConfigurationIsVisible = 0;
		};
/* End XCConfigurationList section */

/* Begin XCVersionGroup section */
		441588ED1B942ED5006B3D2D /* Test.xcdatamodeld */ = {
			isa = XCVersionGroup;
			children = (
				441588EE1B942ED5006B3D2D /* Test.xcdatamodel */,
			);
			currentVersion = 441588EE1B942ED5006B3D2D /* Test.xcdatamodel */;
			path = Test.xcdatamodeld;
			sourceTree = "<group>";
			versionGroupType = wrapper.xcdatamodel;
		};
/* End XCVersionGroup section */
	};
	rootObject = 441588DE1B942ED5006B3D2D /* Project object */;
}
